
Microsoft Visual Studio Solution File, Format Version 12.00
# Visual Studio Version 16
VisualStudioVersion = 16.0.30413.136
MinimumVisualStudioVersion = 10.0.40219.1
Project("{FAE04EC0-301F-11D3-BF4B-00C04F79EFBC}") = "WinFormsLinkGetter", "WinFormsLinkGetter\WinFormsLinkGetter.csproj", "{932BD720-4DA5-4908-A4F6-BA8C7A10EBAB}"
EndProject
Global
	GlobalSection(SolutionConfigurationPlatforms) = preSolution
		Debug|Any CPU = Debug|Any CPU
		Release|Any CPU = Release|Any CPU
	EndGlobalSection
	GlobalSection(ProjectConfigurationPlatforms) = postSolution
		{932BD720-4DA5-4908-A4F6-BA8C7A10EBAB}.Debug|Any CPU.ActiveCfg = Debug|Any CPU
		{932BD720-4DA5-4908-A4F6-BA8C7A10EBAB}.Debug|Any CPU.Build.0 = Debug|Any CPU
		{932BD720-4DA5-4908-A4F6-BA8C7A10EBAB}.Release|Any CPU.ActiveCfg = Release|Any CPU
		{932BD720-4DA5-4908-A4F6-BA8C7A10EBAB}.Release|Any CPU.Build.0 = Release|Any CPU
	EndGlobalSection
	GlobalSection(SolutionProperties) = preSolution
		HideSolutionNode = FALSE
	EndGlobalSection
	GlobalSection(ExtensibilityGlobals) = postSolution
		SolutionGuid = {A0F78B91-EFFE-4879-BBED-E8487A07481D}
	EndGlobalSection
EndGlobal
